
Microsoft Visual Studio Solution File, Format Version 12.00
# Visual Studio Version 17
VisualStudioVersion = 17.4.33205.214
MinimumVisualStudioVersion = 10.0.40219.1
Project("{9A19103F-16F7-4668-BE54-9A1E7A4F7556}") = "GraphQL_SL2023", "GraphQL_SL2023\GraphQL_SL2023.csproj", "{38049C7E-6C6A-4206-B53E-31021B359C76}"
EndProject
Project("{FAE04EC0-301F-11D3-BF4B-00C04F79EFBC}") = "GraphQL23_Client", "GraphQL23_Client\GraphQL23_Client.csproj", "{DF51DECA-AEF8-40FD-B0AB-81E021C7D05D}"
EndProject
Global
	GlobalSection(SolutionConfigurationPlatforms) = preSolution
		Debug|Any CPU = Debug|Any CPU
		Release|Any CPU = Release|Any CPU
	EndGlobalSection
	GlobalSection(ProjectConfigurationPlatforms) = postSolution
		{38049C7E-6C6A-4206-B53E-31021B359C76}.Debug|Any CPU.ActiveCfg = Debug|Any CPU
		{38049C7E-6C6A-4206-B53E-31021B359C76}.Debug|Any CPU.Build.0 = Debug|Any CPU
		{38049C7E-6C6A-4206-B53E-31021B359C76}.Release|Any CPU.ActiveCfg = Release|Any CPU
		{38049C7E-6C6A-4206-B53E-31021B359C76}.Release|Any CPU.Build.0 = Release|Any CPU
		{DF51DECA-AEF8-40FD-B0AB-81E021C7D05D}.Debug|Any CPU.ActiveCfg = Debug|Any CPU
		{DF51DECA-AEF8-40FD-B0AB-81E021C7D05D}.Debug|Any CPU.Build.0 = Debug|Any CPU
		{DF51DECA-AEF8-40FD-B0AB-81E021C7D05D}.Release|Any CPU.ActiveCfg = Release|Any CPU
		{DF51DECA-AEF8-40FD-B0AB-81E021C7D05D}.Release|Any CPU.Build.0 = Release|Any CPU
	EndGlobalSection
	GlobalSection(SolutionProperties) = preSolution
		HideSolutionNode = FALSE
	EndGlobalSection
	GlobalSection(ExtensibilityGlobals) = postSolution
		SolutionGuid = {C1424D37-1C53-44CC-A744-B80E3E966514}
	EndGlobalSection
EndGlobal
